// !$*UTF8*$!
{
	archiveVersion = 1;
	classes = {
	};
	objectVersion = 56;
	objects = {

/* Begin PBXBuildFile section */
		CC17A8752A635ACB007C7E65 /* CryptoTrackerApp.swift in Sources */ = {isa = PBXBuildFile; fileRef = CC17A8742A635ACB007C7E65 /* CryptoTrackerApp.swift */; };
		CC17A8772A635ACB007C7E65 /* ContentView.swift in Sources */ = {isa = PBXBuildFile; fileRef = CC17A8762A635ACB007C7E65 /* ContentView.swift */; };
		CC17A87C2A635AD9007C7E65 /* Preview Assets.xcassets in Resources */ = {isa = PBXBuildFile; fileRef = CC17A87B2A635AD9007C7E65 /* Preview Assets.xcassets */; };
		CC17A8862A635D6A007C7E65 /* Color.swift in Sources */ = {isa = PBXBuildFile; fileRef = CC17A8852A635D6A007C7E65 /* Color.swift */; };
		CC17A88C2A636301007C7E65 /* HomeView.swift in Sources */ = {isa = PBXBuildFile; fileRef = CC17A88B2A636301007C7E65 /* HomeView.swift */; };
		CC17A8902A63675C007C7E65 /* CircleButtonView.swift in Sources */ = {isa = PBXBuildFile; fileRef = CC17A88F2A63675C007C7E65 /* CircleButtonView.swift */; };
		CC17A8922A636F2D007C7E65 /* CircleButtonAnimationView.swift in Sources */ = {isa = PBXBuildFile; fileRef = CC17A8912A636F2D007C7E65 /* CircleButtonAnimationView.swift */; };
		CC2A65E22A64BF650044ACDE /* CoinModel.swift in Sources */ = {isa = PBXBuildFile; fileRef = CC2A65E12A64BF650044ACDE /* CoinModel.swift */; };
		CC2A65E42A6618210044ACDE /* CoinRowView.swift in Sources */ = {isa = PBXBuildFile; fileRef = CC2A65E32A6618210044ACDE /* CoinRowView.swift */; };
		CC2A65E62A6618BB0044ACDE /* PreviewProvider.swift in Sources */ = {isa = PBXBuildFile; fileRef = CC2A65E52A6618BB0044ACDE /* PreviewProvider.swift */; };
		CC2A65E82A661F520044ACDE /* Double.swift in Sources */ = {isa = PBXBuildFile; fileRef = CC2A65E72A661F520044ACDE /* Double.swift */; };
		CCB31A732A6DF194005080A0 /* Images.xcassets in Resources */ = {isa = PBXBuildFile; fileRef = CCB31A722A6DF194005080A0 /* Images.xcassets */; };
		CCB31A752A6DF353005080A0 /* PortfolioView.swift in Sources */ = {isa = PBXBuildFile; fileRef = CCB31A742A6DF353005080A0 /* PortfolioView.swift */; };
		CCB31A772A6DF3BA005080A0 /* CoinLogoView.swift in Sources */ = {isa = PBXBuildFile; fileRef = CCB31A762A6DF3BA005080A0 /* CoinLogoView.swift */; };
		CCB31A792A6DF4B7005080A0 /* XMarkButton.swift in Sources */ = {isa = PBXBuildFile; fileRef = CCB31A782A6DF4B7005080A0 /* XMarkButton.swift */; };
		CCB31A7E2A6F42AD005080A0 /* PorttfolioDataService.swift in Sources */ = {isa = PBXBuildFile; fileRef = CCB31A7D2A6F42AD005080A0 /* PorttfolioDataService.swift */; };
		CCB31A8A2A6F5512005080A0 /* PortfolioContainer.xcdatamodeld in Sources */ = {isa = PBXBuildFile; fileRef = CCB31A882A6F5512005080A0 /* PortfolioContainer.xcdatamodeld */; };
		CCB31A8C2A6F6497005080A0 /* HapticManager.swift in Sources */ = {isa = PBXBuildFile; fileRef = CCB31A8B2A6F6497005080A0 /* HapticManager.swift */; };
		CCB31A912A709552005080A0 /* DetailView.swift in Sources */ = {isa = PBXBuildFile; fileRef = CCB31A902A709552005080A0 /* DetailView.swift */; };
		CCB31A932A70A06D005080A0 /* MyLazyNavigationLink.swift in Sources */ = {isa = PBXBuildFile; fileRef = CCB31A922A70A06D005080A0 /* MyLazyNavigationLink.swift */; };
		CCB31A952A70A99C005080A0 /* CoinDetailModel.swift in Sources */ = {isa = PBXBuildFile; fileRef = CCB31A942A70A99C005080A0 /* CoinDetailModel.swift */; };
		CCB31A972A70AB21005080A0 /* DetailViewModel.swift in Sources */ = {isa = PBXBuildFile; fileRef = CCB31A962A70AB21005080A0 /* DetailViewModel.swift */; };
		CCB31A992A70AB58005080A0 /* CoinDetailDataService.swift in Sources */ = {isa = PBXBuildFile; fileRef = CCB31A982A70AB58005080A0 /* CoinDetailDataService.swift */; };
		CCB31A9B2A71F7F3005080A0 /* ChartView.swift in Sources */ = {isa = PBXBuildFile; fileRef = CCB31A9A2A71F7F3005080A0 /* ChartView.swift */; };
		CCB31A9D2A71FCFC005080A0 /* Date.swift in Sources */ = {isa = PBXBuildFile; fileRef = CCB31A9C2A71FCFC005080A0 /* Date.swift */; };
		CCB31A9F2A720D76005080A0 /* String.swift in Sources */ = {isa = PBXBuildFile; fileRef = CCB31A9E2A720D76005080A0 /* String.swift */; };
		CCB31AA22A734407005080A0 /* SettingsView.swift in Sources */ = {isa = PBXBuildFile; fileRef = CCB31AA12A734407005080A0 /* SettingsView.swift */; };
		CCCA63582A673AB800A92824 /* HomeViewModel.swift in Sources */ = {isa = PBXBuildFile; fileRef = CCCA63572A673AB800A92824 /* HomeViewModel.swift */; };
		CCCA635B2A674CC300A92824 /* CoinDataService.swift in Sources */ = {isa = PBXBuildFile; fileRef = CCCA635A2A674CC300A92824 /* CoinDataService.swift */; };
		CCCA635E2A6759A800A92824 /* NetworkingManager.swift in Sources */ = {isa = PBXBuildFile; fileRef = CCCA635D2A6759A800A92824 /* NetworkingManager.swift */; };
		CCCA63602A67656E00A92824 /* LocalFileManager.swift in Sources */ = {isa = PBXBuildFile; fileRef = CCCA635F2A67656E00A92824 /* LocalFileManager.swift */; };
		CCCA63632A68B08500A92824 /* CoinImageView.swift in Sources */ = {isa = PBXBuildFile; fileRef = CCCA63622A68B08500A92824 /* CoinImageView.swift */; };
		CCCA63652A68B36400A92824 /* CoinImageService.swift in Sources */ = {isa = PBXBuildFile; fileRef = CCCA63642A68B36400A92824 /* CoinImageService.swift */; };
		CCCA63672A68B62A00A92824 /* CoinImageViewModel.swift in Sources */ = {isa = PBXBuildFile; fileRef = CCCA63662A68B62A00A92824 /* CoinImageViewModel.swift */; };
		CCCA63692A6A764500A92824 /* SearchBarView.swift in Sources */ = {isa = PBXBuildFile; fileRef = CCCA63682A6A764500A92824 /* SearchBarView.swift */; };
		CCCA636B2A6A7F2500A92824 /* UIApplication.swift in Sources */ = {isa = PBXBuildFile; fileRef = CCCA636A2A6A7F2500A92824 /* UIApplication.swift */; };
		CCCA636D2A6AECCD00A92824 /* StatisticModel.swift in Sources */ = {isa = PBXBuildFile; fileRef = CCCA636C2A6AECCD00A92824 /* StatisticModel.swift */; };
		CCCA636F2A6AEEF800A92824 /* StatisticView.swift in Sources */ = {isa = PBXBuildFile; fileRef = CCCA636E2A6AEEF800A92824 /* StatisticView.swift */; };
		CCCA63712A6B096000A92824 /* HomeStatsView.swift in Sources */ = {isa = PBXBuildFile; fileRef = CCCA63702A6B096000A92824 /* HomeStatsView.swift */; };
		CCCA63732A6B32FB00A92824 /* MarketDataModel.swift in Sources */ = {isa = PBXBuildFile; fileRef = CCCA63722A6B32FB00A92824 /* MarketDataModel.swift */; };
		CCCA63752A6B392300A92824 /* MarketDataService.swift in Sources */ = {isa = PBXBuildFile; fileRef = CCCA63742A6B392300A92824 /* MarketDataService.swift */; };
/* End PBXBuildFile section */

/* Begin PBXFileReference section */
		CC17A8712A635ACB007C7E65 /* CryptoTracker.app */ = {isa = PBXFileReference; explicitFileType = wrapper.application; includeInIndex = 0; path = CryptoTracker.app; sourceTree = BUILT_PRODUCTS_DIR; };
		CC17A8742A635ACB007C7E65 /* CryptoTrackerApp.swift */ = {isa = PBXFileReference; lastKnownFileType = sourcecode.swift; path = CryptoTrackerApp.swift; sourceTree = "<group>"; };
		CC17A8762A635ACB007C7E65 /* ContentView.swift */ = {isa = PBXFileReference; lastKnownFileType = sourcecode.swift; path = ContentView.swift; sourceTree = "<group>"; };
		CC17A87B2A635AD9007C7E65 /* Preview Assets.xcassets */ = {isa = PBXFileReference; lastKnownFileType = folder.assetcatalog; path = "Preview Assets.xcassets"; sourceTree = "<group>"; };
		CC17A8852A635D6A007C7E65 /* Color.swift */ = {isa = PBXFileReference; lastKnownFileType = sourcecode.swift; path = Color.swift; sourceTree = "<group>"; };
		CC17A88B2A636301007C7E65 /* HomeView.swift */ = {isa = PBXFileReference; lastKnownFileType = sourcecode.swift; path = HomeView.swift; sourceTree = "<group>"; };
		CC17A88F2A63675C007C7E65 /* CircleButtonView.swift */ = {isa = PBXFileReference; lastKnownFileType = sourcecode.swift; path = CircleButtonView.swift; sourceTree = "<group>"; };
		CC17A8912A636F2D007C7E65 /* CircleButtonAnimationView.swift */ = {isa = PBXFileReference; lastKnownFileType = sourcecode.swift; path = CircleButtonAnimationView.swift; sourceTree = "<group>"; };
		CC2A65E12A64BF650044ACDE /* CoinModel.swift */ = {isa = PBXFileReference; lastKnownFileType = sourcecode.swift; path = CoinModel.swift; sourceTree = "<group>"; };
		CC2A65E32A6618210044ACDE /* CoinRowView.swift */ = {isa = PBXFileReference; lastKnownFileType = sourcecode.swift; path = CoinRowView.swift; sourceTree = "<group>"; };
		CC2A65E52A6618BB0044ACDE /* PreviewProvider.swift */ = {isa = PBXFileReference; lastKnownFileType = sourcecode.swift; path = PreviewProvider.swift; sourceTree = "<group>"; };
		CC2A65E72A661F520044ACDE /* Double.swift */ = {isa = PBXFileReference; lastKnownFileType = sourcecode.swift; path = Double.swift; sourceTree = "<group>"; };
		CCB31A722A6DF194005080A0 /* Images.xcassets */ = {isa = PBXFileReference; lastKnownFileType = folder.assetcatalog; path = Images.xcassets; sourceTree = "<group>"; };
		CCB31A742A6DF353005080A0 /* PortfolioView.swift */ = {isa = PBXFileReference; lastKnownFileType = sourcecode.swift; path = PortfolioView.swift; sourceTree = "<group>"; };
		CCB31A762A6DF3BA005080A0 /* CoinLogoView.swift */ = {isa = PBXFileReference; lastKnownFileType = sourcecode.swift; path = CoinLogoView.swift; sourceTree = "<group>"; };
		CCB31A782A6DF4B7005080A0 /* XMarkButton.swift */ = {isa = PBXFileReference; lastKnownFileType = sourcecode.swift; path = XMarkButton.swift; sourceTree = "<group>"; };
		CCB31A7D2A6F42AD005080A0 /* PorttfolioDataService.swift */ = {isa = PBXFileReference; lastKnownFileType = sourcecode.swift; path = PorttfolioDataService.swift; sourceTree = "<group>"; };
		CCB31A892A6F5512005080A0 /* PortfolioContainer.xcdatamodel */ = {isa = PBXFileReference; lastKnownFileType = wrapper.xcdatamodel; path = PortfolioContainer.xcdatamodel; sourceTree = "<group>"; };
		CCB31A8B2A6F6497005080A0 /* HapticManager.swift */ = {isa = PBXFileReference; lastKnownFileType = sourcecode.swift; path = HapticManager.swift; sourceTree = "<group>"; };
		CCB31A902A709552005080A0 /* DetailView.swift */ = {isa = PBXFileReference; lastKnownFileType = sourcecode.swift; path = DetailView.swift; sourceTree = "<group>"; };
		CCB31A922A70A06D005080A0 /* MyLazyNavigationLink.swift */ = {isa = PBXFileReference; lastKnownFileType = sourcecode.swift; path = MyLazyNavigationLink.swift; sourceTree = "<group>"; };
		CCB31A942A70A99C005080A0 /* CoinDetailModel.swift */ = {isa = PBXFileReference; lastKnownFileType = sourcecode.swift; path = CoinDetailModel.swift; sourceTree = "<group>"; };
		CCB31A962A70AB21005080A0 /* DetailViewModel.swift */ = {isa = PBXFileReference; lastKnownFileType = sourcecode.swift; path = DetailViewModel.swift; sourceTree = "<group>"; };
		CCB31A982A70AB58005080A0 /* CoinDetailDataService.swift */ = {isa = PBXFileReference; lastKnownFileType = sourcecode.swift; path = CoinDetailDataService.swift; sourceTree = "<group>"; };
		CCB31A9A2A71F7F3005080A0 /* ChartView.swift */ = {isa = PBXFileReference; lastKnownFileType = sourcecode.swift; path = ChartView.swift; sourceTree = "<group>"; };
		CCB31A9C2A71FCFC005080A0 /* Date.swift */ = {isa = PBXFileReference; lastKnownFileType = sourcecode.swift; path = Date.swift; sourceTree = "<group>"; };
		CCB31A9E2A720D76005080A0 /* String.swift */ = {isa = PBXFileReference; lastKnownFileType = sourcecode.swift; path = String.swift; sourceTree = "<group>"; };
		CCB31AA12A734407005080A0 /* SettingsView.swift */ = {isa = PBXFileReference; lastKnownFileType = sourcecode.swift; path = SettingsView.swift; sourceTree = "<group>"; };
		CCCA63572A673AB800A92824 /* HomeViewModel.swift */ = {isa = PBXFileReference; lastKnownFileType = sourcecode.swift; path = HomeViewModel.swift; sourceTree = "<group>"; };
		CCCA635A2A674CC300A92824 /* CoinDataService.swift */ = {isa = PBXFileReference; lastKnownFileType = sourcecode.swift; path = CoinDataService.swift; sourceTree = "<group>"; };
		CCCA635D2A6759A800A92824 /* NetworkingManager.swift */ = {isa = PBXFileReference; lastKnownFileType = sourcecode.swift; path = NetworkingManager.swift; sourceTree = "<group>"; };
		CCCA635F2A67656E00A92824 /* LocalFileManager.swift */ = {isa = PBXFileReference; lastKnownFileType = sourcecode.swift; path = LocalFileManager.swift; sourceTree = "<group>"; };
		CCCA63622A68B08500A92824 /* CoinImageView.swift */ = {isa = PBXFileReference; lastKnownFileType = sourcecode.swift; path = CoinImageView.swift; sourceTree = "<group>"; };
		CCCA63642A68B36400A92824 /* CoinImageService.swift */ = {isa = PBXFileReference; lastKnownFileType = sourcecode.swift; path = CoinImageService.swift; sourceTree = "<group>"; };
		CCCA63662A68B62A00A92824 /* CoinImageViewModel.swift */ = {isa = PBXFileReference; lastKnownFileType = sourcecode.swift; path = CoinImageViewModel.swift; sourceTree = "<group>"; };
		CCCA63682A6A764500A92824 /* SearchBarView.swift */ = {isa = PBXFileReference; lastKnownFileType = sourcecode.swift; path = SearchBarView.swift; sourceTree = "<group>"; };
		CCCA636A2A6A7F2500A92824 /* UIApplication.swift */ = {isa = PBXFileReference; lastKnownFileType = sourcecode.swift; path = UIApplication.swift; sourceTree = "<group>"; };
		CCCA636C2A6AECCD00A92824 /* StatisticModel.swift */ = {isa = PBXFileReference; lastKnownFileType = sourcecode.swift; path = StatisticModel.swift; sourceTree = "<group>"; };
		CCCA636E2A6AEEF800A92824 /* StatisticView.swift */ = {isa = PBXFileReference; lastKnownFileType = sourcecode.swift; path = StatisticView.swift; sourceTree = "<group>"; };
		CCCA63702A6B096000A92824 /* HomeStatsView.swift */ = {isa = PBXFileReference; lastKnownFileType = sourcecode.swift; path = HomeStatsView.swift; sourceTree = "<group>"; };
		CCCA63722A6B32FB00A92824 /* MarketDataModel.swift */ = {isa = PBXFileReference; lastKnownFileType = sourcecode.swift; path = MarketDataModel.swift; sourceTree = "<group>"; };
		CCCA63742A6B392300A92824 /* MarketDataService.swift */ = {isa = PBXFileReference; lastKnownFileType = sourcecode.swift; path = MarketDataService.swift; sourceTree = "<group>"; };
/* End PBXFileReference section */

/* Begin PBXFrameworksBuildPhase section */
		CC17A86E2A635ACB007C7E65 /* Frameworks */ = {
			isa = PBXFrameworksBuildPhase;
			buildActionMask = 2147483647;
			files = (
			);
			runOnlyForDeploymentPostprocessing = 0;
		};
/* End PBXFrameworksBuildPhase section */

/* Begin PBXGroup section */
		CC17A8682A635ACB007C7E65 = {
			isa = PBXGroup;
			children = (
				CC17A8732A635ACB007C7E65 /* CryptoTracker */,
				CC17A8722A635ACB007C7E65 /* Products */,
			);
			sourceTree = "<group>";
		};
		CC17A8722A635ACB007C7E65 /* Products */ = {
			isa = PBXGroup;
			children = (
				CC17A8712A635ACB007C7E65 /* CryptoTracker.app */,
			);
			name = Products;
			sourceTree = "<group>";
		};
		CC17A8732A635ACB007C7E65 /* CryptoTracker */ = {
			isa = PBXGroup;
			children = (
				CCCA635C2A67595B00A92824 /* Utilities */,
				CC17A8842A635D1C007C7E65 /* Extensions */,
				CCCA63592A674C4B00A92824 /* Services */,
				CC2A65E02A64BF410044ACDE /* Models */,
				CC17A8872A63626D007C7E65 /* Core */,
				CC17A8762A635ACB007C7E65 /* ContentView.swift */,
				CC17A8742A635ACB007C7E65 /* CryptoTrackerApp.swift */,
				CCB31A722A6DF194005080A0 /* Images.xcassets */,
				CC17A87A2A635AD9007C7E65 /* Preview Content */,
			);
			path = CryptoTracker;
			sourceTree = "<group>";
		};
		CC17A87A2A635AD9007C7E65 /* Preview Content */ = {
			isa = PBXGroup;
			children = (
				CC17A87B2A635AD9007C7E65 /* Preview Assets.xcassets */,
			);
			path = "Preview Content";
			sourceTree = "<group>";
		};
		CC17A8842A635D1C007C7E65 /* Extensions */ = {
			isa = PBXGroup;
			children = (
				CC17A8852A635D6A007C7E65 /* Color.swift */,
				CC2A65E52A6618BB0044ACDE /* PreviewProvider.swift */,
				CC2A65E72A661F520044ACDE /* Double.swift */,
				CCCA636A2A6A7F2500A92824 /* UIApplication.swift */,
				CCB31A9C2A71FCFC005080A0 /* Date.swift */,
				CCB31A9E2A720D76005080A0 /* String.swift */,
			);
			path = Extensions;
			sourceTree = "<group>";
		};
		CC17A8872A63626D007C7E65 /* Core */ = {
			isa = PBXGroup;
			children = (
				CC17A88D2A636721007C7E65 /* Components */,
				CC17A8882A636294007C7E65 /* Home */,
				CCB31A8D2A709488005080A0 /* Detail */,
				CCB31AA02A7343CA005080A0 /* Settings */,
			);
			path = Core;
			sourceTree = "<group>";
		};
		CC17A8882A636294007C7E65 /* Home */ = {
			isa = PBXGroup;
			children = (
				CC17A88A2A6362D0007C7E65 /* Viewmodels */,
				CC17A8892A6362B2007C7E65 /* Views */,
			);
			path = Home;
			sourceTree = "<group>";
		};
		CC17A8892A6362B2007C7E65 /* Views */ = {
			isa = PBXGroup;
			children = (
				CC17A88B2A636301007C7E65 /* HomeView.swift */,
				CCCA63702A6B096000A92824 /* HomeStatsView.swift */,
				CC2A65E32A6618210044ACDE /* CoinRowView.swift */,
				CCB31A742A6DF353005080A0 /* PortfolioView.swift */,
			);
			path = Views;
			sourceTree = "<group>";
		};
		CC17A88A2A6362D0007C7E65 /* Viewmodels */ = {
			isa = PBXGroup;
			children = (
				CCCA63572A673AB800A92824 /* HomeViewModel.swift */,
			);
			path = Viewmodels;
			sourceTree = "<group>";
		};
		CC17A88D2A636721007C7E65 /* Components */ = {
			isa = PBXGroup;
			children = (
				CCCA63612A68B05F00A92824 /* CoinImage */,
				CC17A88E2A63672C007C7E65 /* CircleButton */,
				CCCA63682A6A764500A92824 /* SearchBarView.swift */,
				CCCA636E2A6AEEF800A92824 /* StatisticView.swift */,
				CCB31A782A6DF4B7005080A0 /* XMarkButton.swift */,
			);
			path = Components;
			sourceTree = "<group>";
		};
		CC17A88E2A63672C007C7E65 /* CircleButton */ = {
			isa = PBXGroup;
			children = (
				CC17A88F2A63675C007C7E65 /* CircleButtonView.swift */,
				CC17A8912A636F2D007C7E65 /* CircleButtonAnimationView.swift */,
			);
			path = CircleButton;
			sourceTree = "<group>";
		};
		CC2A65E02A64BF410044ACDE /* Models */ = {
			isa = PBXGroup;
			children = (
				CC2A65E12A64BF650044ACDE /* CoinModel.swift */,
				CCB31A942A70A99C005080A0 /* CoinDetailModel.swift */,
				CCCA636C2A6AECCD00A92824 /* StatisticModel.swift */,
				CCCA63722A6B32FB00A92824 /* MarketDataModel.swift */,
				CCB31A882A6F5512005080A0 /* PortfolioContainer.xcdatamodeld */,
			);
			path = Models;
			sourceTree = "<group>";
		};
		CCB31A8D2A709488005080A0 /* Detail */ = {
			isa = PBXGroup;
			children = (
				CCB31A8F2A70951B005080A0 /* ViewModels */,
				CCB31A8E2A70950A005080A0 /* Views */,
			);
			path = Detail;
			sourceTree = "<group>";
		};
		CCB31A8E2A70950A005080A0 /* Views */ = {
			isa = PBXGroup;
			children = (
				CCB31A902A709552005080A0 /* DetailView.swift */,
				CCB31A9A2A71F7F3005080A0 /* ChartView.swift */,
			);
			path = Views;
			sourceTree = "<group>";
		};
		CCB31A8F2A70951B005080A0 /* ViewModels */ = {
			isa = PBXGroup;
			children = (
				CCB31A962A70AB21005080A0 /* DetailViewModel.swift */,
			);
			path = ViewModels;
			sourceTree = "<group>";
		};
		CCB31AA02A7343CA005080A0 /* Settings */ = {
			isa = PBXGroup;
			children = (
				CCB31AA12A734407005080A0 /* SettingsView.swift */,
			);
			path = Settings;
			sourceTree = "<group>";
		};
		CCCA63592A674C4B00A92824 /* Services */ = {
			isa = PBXGroup;
			children = (
				CCCA635A2A674CC300A92824 /* CoinDataService.swift */,
				CCB31A982A70AB58005080A0 /* CoinDetailDataService.swift */,
				CCCA63642A68B36400A92824 /* CoinImageService.swift */,
				CCCA63742A6B392300A92824 /* MarketDataService.swift */,
				CCB31A7D2A6F42AD005080A0 /* PorttfolioDataService.swift */,
			);
			path = Services;
			sourceTree = "<group>";
		};
		CCCA635C2A67595B00A92824 /* Utilities */ = {
			isa = PBXGroup;
			children = (
				CCCA635D2A6759A800A92824 /* NetworkingManager.swift */,
				CCCA635F2A67656E00A92824 /* LocalFileManager.swift */,
				CCB31A8B2A6F6497005080A0 /* HapticManager.swift */,
				CCB31A922A70A06D005080A0 /* MyLazyNavigationLink.swift */,
			);
			path = Utilities;
			sourceTree = "<group>";
		};
		CCCA63612A68B05F00A92824 /* CoinImage */ = {
			isa = PBXGroup;
			children = (
				CCCA63622A68B08500A92824 /* CoinImageView.swift */,
				CCCA63662A68B62A00A92824 /* CoinImageViewModel.swift */,
				CCB31A762A6DF3BA005080A0 /* CoinLogoView.swift */,
			);
			path = CoinImage;
			sourceTree = "<group>";
		};
/* End PBXGroup section */

/* Begin PBXNativeTarget section */
		CC17A8702A635ACB007C7E65 /* CryptoTracker */ = {
			isa = PBXNativeTarget;
			buildConfigurationList = CC17A87F2A635AD9007C7E65 /* Build configuration list for PBXNativeTarget "CryptoTracker" */;
			buildPhases = (
				CC17A86D2A635ACB007C7E65 /* Sources */,
				CC17A86E2A635ACB007C7E65 /* Frameworks */,
				CC17A86F2A635ACB007C7E65 /* Resources */,
			);
			buildRules = (
			);
			dependencies = (
			);
			name = CryptoTracker;
			productName = CryptoTracker;
			productReference = CC17A8712A635ACB007C7E65 /* CryptoTracker.app */;
			productType = "com.apple.product-type.application";
		};
/* End PBXNativeTarget section */

/* Begin PBXProject section */
		CC17A8692A635ACB007C7E65 /* Project object */ = {
			isa = PBXProject;
			attributes = {
				BuildIndependentTargetsInParallel = 1;
				LastSwiftUpdateCheck = 1430;
				LastUpgradeCheck = 1430;
				TargetAttributes = {
					CC17A8702A635ACB007C7E65 = {
						CreatedOnToolsVersion = 14.3.1;
					};
				};
			};
			buildConfigurationList = CC17A86C2A635ACB007C7E65 /* Build configuration list for PBXProject "CryptoTracker" */;
			compatibilityVersion = "Xcode 14.0";
			developmentRegion = en;
			hasScannedForEncodings = 0;
			knownRegions = (
				en,
				Base,
			);
			mainGroup = CC17A8682A635ACB007C7E65;
			productRefGroup = CC17A8722A635ACB007C7E65 /* Products */;
			projectDirPath = "";
			projectRoot = "";
			targets = (
				CC17A8702A635ACB007C7E65 /* CryptoTracker */,
			);
		};
/* End PBXProject section */

/* Begin PBXResourcesBuildPhase section */
		CC17A86F2A635ACB007C7E65 /* Resources */ = {
			isa = PBXResourcesBuildPhase;
			buildActionMask = 2147483647;
			files = (
				CC17A87C2A635AD9007C7E65 /* Preview Assets.xcassets in Resources */,
				CCB31A732A6DF194005080A0 /* Images.xcassets in Resources */,
			);
			runOnlyForDeploymentPostprocessing = 0;
		};
/* End PBXResourcesBuildPhase section */

/* Begin PBXSourcesBuildPhase section */
		CC17A86D2A635ACB007C7E65 /* Sources */ = {
			isa = PBXSourcesBuildPhase;
			buildActionMask = 2147483647;
			files = (
				CCB31A9F2A720D76005080A0 /* String.swift in Sources */,
				CCCA636D2A6AECCD00A92824 /* StatisticModel.swift in Sources */,
				CCCA635B2A674CC300A92824 /* CoinDataService.swift in Sources */,
				CCB31A772A6DF3BA005080A0 /* CoinLogoView.swift in Sources */,
				CCB31A992A70AB58005080A0 /* CoinDetailDataService.swift in Sources */,
				CC2A65E42A6618210044ACDE /* CoinRowView.swift in Sources */,
				CCCA63582A673AB800A92824 /* HomeViewModel.swift in Sources */,
				CC17A8772A635ACB007C7E65 /* ContentView.swift in Sources */,
				CC17A88C2A636301007C7E65 /* HomeView.swift in Sources */,
				CCCA63732A6B32FB00A92824 /* MarketDataModel.swift in Sources */,
				CC17A8752A635ACB007C7E65 /* CryptoTrackerApp.swift in Sources */,
				CCB31A952A70A99C005080A0 /* CoinDetailModel.swift in Sources */,
				CCB31AA22A734407005080A0 /* SettingsView.swift in Sources */,
				CCCA636F2A6AEEF800A92824 /* StatisticView.swift in Sources */,
				CC17A8902A63675C007C7E65 /* CircleButtonView.swift in Sources */,
				CC17A8862A635D6A007C7E65 /* Color.swift in Sources */,
				CCCA636B2A6A7F2500A92824 /* UIApplication.swift in Sources */,
				CCCA63672A68B62A00A92824 /* CoinImageViewModel.swift in Sources */,
				CCB31A792A6DF4B7005080A0 /* XMarkButton.swift in Sources */,
				CCCA635E2A6759A800A92824 /* NetworkingManager.swift in Sources */,
				CCB31A972A70AB21005080A0 /* DetailViewModel.swift in Sources */,
				CCB31A912A709552005080A0 /* DetailView.swift in Sources */,
				CCB31A8C2A6F6497005080A0 /* HapticManager.swift in Sources */,
				CCCA63692A6A764500A92824 /* SearchBarView.swift in Sources */,
				CC17A8922A636F2D007C7E65 /* CircleButtonAnimationView.swift in Sources */,
				CCB31A9B2A71F7F3005080A0 /* ChartView.swift in Sources */,
				CCCA63712A6B096000A92824 /* HomeStatsView.swift in Sources */,
				CCCA63752A6B392300A92824 /* MarketDataService.swift in Sources */,
				CC2A65E62A6618BB0044ACDE /* PreviewProvider.swift in Sources */,
				CCCA63632A68B08500A92824 /* CoinImageView.swift in Sources */,
				CCB31A8A2A6F5512005080A0 /* PortfolioContainer.xcdatamodeld in Sources */,
				CC2A65E82A661F520044ACDE /* Double.swift in Sources */,
				CCB31A752A6DF353005080A0 /* PortfolioView.swift in Sources */,
				CCB31A9D2A71FCFC005080A0 /* Date.swift in Sources */,
				CC2A65E22A64BF650044ACDE /* CoinModel.swift in Sources */,
				CCCA63652A68B36400A92824 /* CoinImageService.swift in Sources */,
				CCB31A7E2A6F42AD005080A0 /* PorttfolioDataService.swift in Sources */,
				CCB31A932A70A06D005080A0 /* MyLazyNavigationLink.swift in Sources */,
				CCCA63602A67656E00A92824 /* LocalFileManager.swift in Sources */,
			);
			runOnlyForDeploymentPostprocessing = 0;
		};
/* End PBXSourcesBuildPhase section */

/* Begin XCBuildConfiguration section */
		CC17A87D2A635AD9007C7E65 /* Debug */ = {
			isa = XCBuildConfiguration;
			buildSettings = {
				ALWAYS_SEARCH_USER_PATHS = NO;
				CLANG_ANALYZER_NONNULL = YES;
				CLANG_ANALYZER_NUMBER_OBJECT_CONVERSION = YES_AGGRESSIVE;
				CLANG_CXX_LANGUAGE_STANDARD = "gnu++20";
				CLANG_ENABLE_MODULES = YES;
				CLANG_ENABLE_OBJC_ARC = YES;
				CLANG_ENABLE_OBJC_WEAK = YES;
				CLANG_WARN_BLOCK_CAPTURE_AUTORELEASING = YES;
				CLANG_WARN_BOOL_CONVERSION = YES;
				CLANG_WARN_COMMA = YES;
				CLANG_WARN_CONSTANT_CONVERSION = YES;
				CLANG_WARN_DEPRECATED_OBJC_IMPLEMENTATIONS = YES;
				CLANG_WARN_DIRECT_OBJC_ISA_USAGE = YES_ERROR;
				CLANG_WARN_DOCUMENTATION_COMMENTS = YES;
				CLANG_WARN_EMPTY_BODY = YES;
				CLANG_WARN_ENUM_CONVERSION = YES;
				CLANG_WARN_INFINITE_RECURSION = YES;
				CLANG_WARN_INT_CONVERSION = YES;
				CLANG_WARN_NON_LITERAL_NULL_CONVERSION = YES;
				CLANG_WARN_OBJC_IMPLICIT_RETAIN_SELF = YES;
				CLANG_WARN_OBJC_LITERAL_CONVERSION = YES;
				CLANG_WARN_OBJC_ROOT_CLASS = YES_ERROR;
				CLANG_WARN_QUOTED_INCLUDE_IN_FRAMEWORK_HEADER = YES;
				CLANG_WARN_RANGE_LOOP_ANALYSIS = YES;
				CLANG_WARN_STRICT_PROTOTYPES = YES;
				CLANG_WARN_SUSPICIOUS_MOVE = YES;
				CLANG_WARN_UNGUARDED_AVAILABILITY = YES_AGGRESSIVE;
				CLANG_WARN_UNREACHABLE_CODE = YES;
				CLANG_WARN__DUPLICATE_METHOD_MATCH = YES;
				COPY_PHASE_STRIP = NO;
				DEBUG_INFORMATION_FORMAT = dwarf;
				ENABLE_STRICT_OBJC_MSGSEND = YES;
				ENABLE_TESTABILITY = YES;
				GCC_C_LANGUAGE_STANDARD = gnu11;
				GCC_DYNAMIC_NO_PIC = NO;
				GCC_NO_COMMON_BLOCKS = YES;
				GCC_OPTIMIZATION_LEVEL = 0;
				GCC_PREPROCESSOR_DEFINITIONS = (
					"DEBUG=1",
					"$(inherited)",
				);
				GCC_WARN_64_TO_32_BIT_CONVERSION = YES;
				GCC_WARN_ABOUT_RETURN_TYPE = YES_ERROR;
				GCC_WARN_UNDECLARED_SELECTOR = YES;
				GCC_WARN_UNINITIALIZED_AUTOS = YES_AGGRESSIVE;
				GCC_WARN_UNUSED_FUNCTION = YES;
				GCC_WARN_UNUSED_VARIABLE = YES;
				IPHONEOS_DEPLOYMENT_TARGET = 16.4;
				MTL_ENABLE_DEBUG_INFO = INCLUDE_SOURCE;
				MTL_FAST_MATH = YES;
				ONLY_ACTIVE_ARCH = YES;
				SDKROOT = iphoneos;
				SWIFT_ACTIVE_COMPILATION_CONDITIONS = DEBUG;
				SWIFT_OPTIMIZATION_LEVEL = "-Onone";
			};
			name = Debug;
		};
		CC17A87E2A635AD9007C7E65 /* Release */ = {
			isa = XCBuildConfiguration;
			buildSettings = {
				ALWAYS_SEARCH_USER_PATHS = NO;
				CLANG_ANALYZER_NONNULL = YES;
				CLANG_ANALYZER_NUMBER_OBJECT_CONVERSION = YES_AGGRESSIVE;
				CLANG_CXX_LANGUAGE_STANDARD = "gnu++20";
				CLANG_ENABLE_MODULES = YES;
				CLANG_ENABLE_OBJC_ARC = YES;
				CLANG_ENABLE_OBJC_WEAK = YES;
				CLANG_WARN_BLOCK_CAPTURE_AUTORELEASING = YES;
				CLANG_WARN_BOOL_CONVERSION = YES;
				CLANG_WARN_COMMA = YES;
				CLANG_WARN_CONSTANT_CONVERSION = YES;
				CLANG_WARN_DEPRECATED_OBJC_IMPLEMENTATIONS = YES;
				CLANG_WARN_DIRECT_OBJC_ISA_USAGE = YES_ERROR;
				CLANG_WARN_DOCUMENTATION_COMMENTS = YES;
				CLANG_WARN_EMPTY_BODY = YES;
				CLANG_WARN_ENUM_CONVERSION = YES;
				CLANG_WARN_INFINITE_RECURSION = YES;
				CLANG_WARN_INT_CONVERSION = YES;
				CLANG_WARN_NON_LITERAL_NULL_CONVERSION = YES;
				CLANG_WARN_OBJC_IMPLICIT_RETAIN_SELF = YES;
				CLANG_WARN_OBJC_LITERAL_CONVERSION = YES;
				CLANG_WARN_OBJC_ROOT_CLASS = YES_ERROR;
				CLANG_WARN_QUOTED_INCLUDE_IN_FRAMEWORK_HEADER = YES;
				CLANG_WARN_RANGE_LOOP_ANALYSIS = YES;
				CLANG_WARN_STRICT_PROTOTYPES = YES;
				CLANG_WARN_SUSPICIOUS_MOVE = YES;
				CLANG_WARN_UNGUARDED_AVAILABILITY = YES_AGGRESSIVE;
				CLANG_WARN_UNREACHABLE_CODE = YES;
				CLANG_WARN__DUPLICATE_METHOD_MATCH = YES;
				COPY_PHASE_STRIP = NO;
				DEBUG_INFORMATION_FORMAT = "dwarf-with-dsym";
				ENABLE_NS_ASSERTIONS = NO;
				ENABLE_STRICT_OBJC_MSGSEND = YES;
				GCC_C_LANGUAGE_STANDARD = gnu11;
				GCC_NO_COMMON_BLOCKS = YES;
				GCC_WARN_64_TO_32_BIT_CONVERSION = YES;
				GCC_WARN_ABOUT_RETURN_TYPE = YES_ERROR;
				GCC_WARN_UNDECLARED_SELECTOR = YES;
				GCC_WARN_UNINITIALIZED_AUTOS = YES_AGGRESSIVE;
				GCC_WARN_UNUSED_FUNCTION = YES;
				GCC_WARN_UNUSED_VARIABLE = YES;
				IPHONEOS_DEPLOYMENT_TARGET = 16.4;
				MTL_ENABLE_DEBUG_INFO = NO;
				MTL_FAST_MATH = YES;
				SDKROOT = iphoneos;
				SWIFT_COMPILATION_MODE = wholemodule;
				SWIFT_OPTIMIZATION_LEVEL = "-O";
				VALIDATE_PRODUCT = YES;
			};
			name = Release;
		};
		CC17A8802A635AD9007C7E65 /* Debug */ = {
			isa = XCBuildConfiguration;
			buildSettings = {
				ASSETCATALOG_COMPILER_APPICON_NAME = AppIcon;
				ASSETCATALOG_COMPILER_GLOBAL_ACCENT_COLOR_NAME = AccentColor;
				CODE_SIGN_STYLE = Automatic;
				CURRENT_PROJECT_VERSION = 1;
				DEVELOPMENT_ASSET_PATHS = "\"CryptoTracker/Preview Content\"";
				DEVELOPMENT_TEAM = 3BCLANGRR7;
				ENABLE_PREVIEWS = YES;
				GENERATE_INFOPLIST_FILE = YES;
				INFOPLIST_KEY_CFBundleDisplayName = "Crypto Tracker";
				INFOPLIST_KEY_UIApplicationSceneManifest_Generation = YES;
				INFOPLIST_KEY_UIApplicationSupportsIndirectInputEvents = YES;
				INFOPLIST_KEY_UILaunchScreen_Generation = YES;
				INFOPLIST_KEY_UISupportedInterfaceOrientations = UIInterfaceOrientationPortrait;
				INFOPLIST_KEY_UISupportedInterfaceOrientations_iPad = "UIInterfaceOrientationLandscapeRight UIInterfaceOrientationPortrait";
				LD_RUNPATH_SEARCH_PATHS = (
					"$(inherited)",
					"@executable_path/Frameworks",
				);
				MARKETING_VERSION = 1.0;
				PRODUCT_BUNDLE_IDENTIFIER = com.ohunmamajon.CryptoTracker;
				PRODUCT_NAME = "$(TARGET_NAME)";
				SUPPORTED_PLATFORMS = "iphoneos iphonesimulator";
				SUPPORTS_MACCATALYST = NO;
				SUPPORTS_MAC_DESIGNED_FOR_IPHONE_IPAD = NO;
				SWIFT_EMIT_LOC_STRINGS = YES;
				SWIFT_VERSION = 5.0;
				TARGETED_DEVICE_FAMILY = "1,2";
			};
			name = Debug;
		};
		CC17A8812A635AD9007C7E65 /* Release */ = {
			isa = XCBuildConfiguration;
			buildSettings = {
				ASSETCATALOG_COMPILER_APPICON_NAME = AppIcon;
				ASSETCATALOG_COMPILER_GLOBAL_ACCENT_COLOR_NAME = AccentColor;
				CODE_SIGN_STYLE = Automatic;
				CURRENT_PROJECT_VERSION = 1;
				DEVELOPMENT_ASSET_PATHS = "\"CryptoTracker/Preview Content\"";
				DEVELOPMENT_TEAM = 3BCLANGRR7;
				ENABLE_PREVIEWS = YES;
				GENERATE_INFOPLIST_FILE = YES;
				INFOPLIST_KEY_CFBundleDisplayName = "Crypto Tracker";
				INFOPLIST_KEY_UIApplicationSceneManifest_Generation = YES;
				INFOPLIST_KEY_UIApplicationSupportsIndirectInputEvents = YES;
				INFOPLIST_KEY_UILaunchScreen_Generation = YES;
				INFOPLIST_KEY_UISupportedInterfaceOrientations = UIInterfaceOrientationPortrait;
				INFOPLIST_KEY_UISupportedInterfaceOrientations_iPad = "UIInterfaceOrientationLandscapeRight UIInterfaceOrientationPortrait";
				LD_RUNPATH_SEARCH_PATHS = (
					"$(inherited)",
					"@executable_path/Frameworks",
				);
				MARKETING_VERSION = 1.0;
				PRODUCT_BUNDLE_IDENTIFIER = com.ohunmamajon.CryptoTracker;
				PRODUCT_NAME = "$(TARGET_NAME)";
				SUPPORTED_PLATFORMS = "iphoneos iphonesimulator";
				SUPPORTS_MACCATALYST = NO;
				SUPPORTS_MAC_DESIGNED_FOR_IPHONE_IPAD = NO;
				SWIFT_EMIT_LOC_STRINGS = YES;
				SWIFT_VERSION = 5.0;
				TARGETED_DEVICE_FAMILY = "1,2";
			};
			name = Release;
		};
/* End XCBuildConfiguration section */

/* Begin XCConfigurationList section */
		CC17A86C2A635ACB007C7E65 /* Build configuration list for PBXProject "CryptoTracker" */ = {
			isa = XCConfigurationList;
			buildConfigurations = (
				CC17A87D2A635AD9007C7E65 /* Debug */,
				CC17A87E2A635AD9007C7E65 /* Release */,
			);
			defaultConfigurationIsVisible = 0;
			defaultConfigurationName = Release;
		};
		CC17A87F2A635AD9007C7E65 /* Build configuration list for PBXNativeTarget "CryptoTracker" */ = {
			isa = XCConfigurationList;
			buildConfigurations = (
				CC17A8802A635AD9007C7E65 /* Debug */,
				CC17A8812A635AD9007C7E65 /* Release */,
			);
			defaultConfigurationIsVisible = 0;
			defaultConfigurationName = Release;
		};
/* End XCConfigurationList section */

/* Begin XCVersionGroup section */
		CCB31A882A6F5512005080A0 /* PortfolioContainer.xcdatamodeld */ = {
			isa = XCVersionGroup;
			children = (
				CCB31A892A6F5512005080A0 /* PortfolioContainer.xcdatamodel */,
			);
			currentVersion = CCB31A892A6F5512005080A0 /* PortfolioContainer.xcdatamodel */;
			path = PortfolioContainer.xcdatamodeld;
			sourceTree = "<group>";
			versionGroupType = wrapper.xcdatamodel;
		};
/* End XCVersionGroup section */
	};
	rootObject = CC17A8692A635ACB007C7E65 /* Project object */;
}
